
Microsoft Visual Studio Solution File, Format Version 12.00
# Visual Studio Version 17
VisualStudioVersion = 17.0.32112.339
MinimumVisualStudioVersion = 10.0.40219.1
Project("{FAE04EC0-301F-11D3-BF4B-00C04F79EFBC}") = "LanguageFeaturesChaptFive", "LanguageFeaturesChaptFive\LanguageFeaturesChaptFive.csproj", "{9550C130-C29E-4350-A7D2-68FB725C219B}"
EndProject
Global
	GlobalSection(SolutionConfigurationPlatforms) = preSolution
		Debug|Any CPU = Debug|Any CPU
		Release|Any CPU = Release|Any CPU
	EndGlobalSection
	GlobalSection(ProjectConfigurationPlatforms) = postSolution
		{9550C130-C29E-4350-A7D2-68FB725C219B}.Debug|Any CPU.ActiveCfg = Debug|Any CPU
		{9550C130-C29E-4350-A7D2-68FB725C219B}.Debug|Any CPU.Build.0 = Debug|Any CPU
		{9550C130-C29E-4350-A7D2-68FB725C219B}.Release|Any CPU.ActiveCfg = Release|Any CPU
		{9550C130-C29E-4350-A7D2-68FB725C219B}.Release|Any CPU.Build.0 = Release|Any CPU
	EndGlobalSection
	GlobalSection(SolutionProperties) = preSolution
		HideSolutionNode = FALSE
	EndGlobalSection
	GlobalSection(ExtensibilityGlobals) = postSolution
		SolutionGuid = {3195EAA2-769D-40B7-BAC5-D0ABE5148625}
	EndGlobalSection
EndGlobal
